
Microsoft Visual Studio Solution File, Format Version 12.00
# Visual Studio 15
VisualStudioVersion = 15.0.27703.2042
MinimumVisualStudioVersion = 10.0.40219.1
Project("{2150E333-8FDC-42A3-9474-1A3956D46DE8}") = "Endpoint", "Endpoint", "{9C488945-37AC-4D3A-A9C1-99D7321C2B3A}"
EndProject
Project("{2150E333-8FDC-42A3-9474-1A3956D46DE8}") = "Web", "Web", "{E8FAE905-6C53-4F1B-A812-BD64AA5A1532}"
EndProject
Project("{FAE04EC0-301F-11D3-BF4B-00C04F79EFBC}") = "Angular View", "Angular View\Angular View.csproj", "{A92EDABB-51B7-4F40-937D-71C28EB8E928}"
EndProject
Global
	GlobalSection(SolutionConfigurationPlatforms) = preSolution
		Debug|Any CPU = Debug|Any CPU
		Release|Any CPU = Release|Any CPU
	EndGlobalSection
	GlobalSection(ProjectConfigurationPlatforms) = postSolution
		{A92EDABB-51B7-4F40-937D-71C28EB8E928}.Debug|Any CPU.ActiveCfg = Debug|Any CPU
		{A92EDABB-51B7-4F40-937D-71C28EB8E928}.Debug|Any CPU.Build.0 = Debug|Any CPU
		{A92EDABB-51B7-4F40-937D-71C28EB8E928}.Release|Any CPU.ActiveCfg = Release|Any CPU
		{A92EDABB-51B7-4F40-937D-71C28EB8E928}.Release|Any CPU.Build.0 = Release|Any CPU
	EndGlobalSection
	GlobalSection(SolutionProperties) = preSolution
		HideSolutionNode = FALSE
	EndGlobalSection
	GlobalSection(NestedProjects) = preSolution
		{E8FAE905-6C53-4F1B-A812-BD64AA5A1532} = {9C488945-37AC-4D3A-A9C1-99D7321C2B3A}
		{A92EDABB-51B7-4F40-937D-71C28EB8E928} = {E8FAE905-6C53-4F1B-A812-BD64AA5A1532}
	EndGlobalSection
	GlobalSection(ExtensibilityGlobals) = postSolution
		SolutionGuid = {C438CA07-DC74-44A1-BEED-58B8BCE1AAB3}
	EndGlobalSection
EndGlobal
